// !$*UTF8*$!
{
	archiveVersion = 1;
	classes = {
	};
	objectVersion = 46;
	objects = {

/* Begin PBXBuildFile section */
		F42989F4E95BC417D55C096F /* libPods-UltimateSeries.a in Frameworks */ = {isa = PBXBuildFile; fileRef = 66E5361AE6149D824BD4ACD0 /* libPods-UltimateSeries.a */; };
		F8343ADB1F0FE39500A69B81 /* MasterTableViewController.m in Sources */ = {isa = PBXBuildFile; fileRef = F8343ADA1F0FE39500A69B81 /* MasterTableViewController.m */; };
		F8343ADE1F0FE4D300A69B81 /* standarTableViewCell.m in Sources */ = {isa = PBXBuildFile; fileRef = F8343ADD1F0FE4D300A69B81 /* standarTableViewCell.m */; };
		F8817D261F12B5F70041D9E2 /* icon-Cancel.png in Resources */ = {isa = PBXBuildFile; fileRef = F8817D241F12B5F70041D9E2 /* icon-Cancel.png */; };
		F8817D271F12B5F70041D9E2 /* icon-Ok.png in Resources */ = {isa = PBXBuildFile; fileRef = F8817D251F12B5F70041D9E2 /* icon-Ok.png */; };
		F8EFA5581F0D457900F7561B /* main.m in Sources */ = {isa = PBXBuildFile; fileRef = F8EFA5571F0D457900F7561B /* main.m */; };
		F8EFA55B1F0D457900F7561B /* AppDelegate.m in Sources */ = {isa = PBXBuildFile; fileRef = F8EFA55A1F0D457900F7561B /* AppDelegate.m */; };
		F8EFA5611F0D457900F7561B /* Main.storyboard in Resources */ = {isa = PBXBuildFile; fileRef = F8EFA55F1F0D457900F7561B /* Main.storyboard */; };
		F8EFA5631F0D457900F7561B /* Assets.xcassets in Resources */ = {isa = PBXBuildFile; fileRef = F8EFA5621F0D457900F7561B /* Assets.xcassets */; };
		F8EFA5661F0D457900F7561B /* LaunchScreen.storyboard in Resources */ = {isa = PBXBuildFile; fileRef = F8EFA5641F0D457900F7561B /* LaunchScreen.storyboard */; };
		F8EFA56F1F0D459E00F7561B /* SerieModel.m in Sources */ = {isa = PBXBuildFile; fileRef = F8EFA56E1F0D459E00F7561B /* SerieModel.m */; };
		F8EFA57D1F0D56DC00F7561B /* SerieDetailViewController.m in Sources */ = {isa = PBXBuildFile; fileRef = F8EFA57B1F0D56DC00F7561B /* SerieDetailViewController.m */; };
		F8EFA5841F0D651000F7561B /* WebViewController.m in Sources */ = {isa = PBXBuildFile; fileRef = F8EFA5821F0D651000F7561B /* WebViewController.m */; };
/* End PBXBuildFile section */

/* Begin PBXFileReference section */
		66E5361AE6149D824BD4ACD0 /* libPods-UltimateSeries.a */ = {isa = PBXFileReference; explicitFileType = archive.ar; includeInIndex = 0; path = "libPods-UltimateSeries.a"; sourceTree = BUILT_PRODUCTS_DIR; };
		C77B9DB927507E3E0F6CF5D5 /* Pods-UltimateSeries.debug.xcconfig */ = {isa = PBXFileReference; includeInIndex = 1; lastKnownFileType = text.xcconfig; name = "Pods-UltimateSeries.debug.xcconfig"; path = "Pods/Target Support Files/Pods-UltimateSeries/Pods-UltimateSeries.debug.xcconfig"; sourceTree = "<group>"; };
		F6821AC31D5A3ADD4E9592D6 /* Pods-UltimateSeries.release.xcconfig */ = {isa = PBXFileReference; includeInIndex = 1; lastKnownFileType = text.xcconfig; name = "Pods-UltimateSeries.release.xcconfig"; path = "Pods/Target Support Files/Pods-UltimateSeries/Pods-UltimateSeries.release.xcconfig"; sourceTree = "<group>"; };
		F8343AD91F0FE39500A69B81 /* MasterTableViewController.h */ = {isa = PBXFileReference; fileEncoding = 4; lastKnownFileType = sourcecode.c.h; path = MasterTableViewController.h; sourceTree = "<group>"; };
		F8343ADA1F0FE39500A69B81 /* MasterTableViewController.m */ = {isa = PBXFileReference; fileEncoding = 4; lastKnownFileType = sourcecode.c.objc; path = MasterTableViewController.m; sourceTree = "<group>"; };
		F8343ADC1F0FE4D300A69B81 /* standarTableViewCell.h */ = {isa = PBXFileReference; fileEncoding = 4; lastKnownFileType = sourcecode.c.h; path = standarTableViewCell.h; sourceTree = "<group>"; };
		F8343ADD1F0FE4D300A69B81 /* standarTableViewCell.m */ = {isa = PBXFileReference; fileEncoding = 4; lastKnownFileType = sourcecode.c.objc; path = standarTableViewCell.m; sourceTree = "<group>"; };
		F8817D241F12B5F70041D9E2 /* icon-Cancel.png */ = {isa = PBXFileReference; lastKnownFileType = image.png; path = "icon-Cancel.png"; sourceTree = "<group>"; };
		F8817D251F12B5F70041D9E2 /* icon-Ok.png */ = {isa = PBXFileReference; lastKnownFileType = image.png; path = "icon-Ok.png"; sourceTree = "<group>"; };
		F8EFA5531F0D457900F7561B /* UltimateSeries.app */ = {isa = PBXFileReference; explicitFileType = wrapper.application; includeInIndex = 0; path = UltimateSeries.app; sourceTree = BUILT_PRODUCTS_DIR; };
		F8EFA5571F0D457900F7561B /* main.m */ = {isa = PBXFileReference; lastKnownFileType = sourcecode.c.objc; path = main.m; sourceTree = "<group>"; };
		F8EFA5591F0D457900F7561B /* AppDelegate.h */ = {isa = PBXFileReference; lastKnownFileType = sourcecode.c.h; path = AppDelegate.h; sourceTree = "<group>"; };
		F8EFA55A1F0D457900F7561B /* AppDelegate.m */ = {isa = PBXFileReference; lastKnownFileType = sourcecode.c.objc; path = AppDelegate.m; sourceTree = "<group>"; };
		F8EFA5601F0D457900F7561B /* Base */ = {isa = PBXFileReference; lastKnownFileType = file.storyboard; name = Base; path = Base.lproj/Main.storyboard; sourceTree = "<group>"; };
		F8EFA5621F0D457900F7561B /* Assets.xcassets */ = {isa = PBXFileReference; lastKnownFileType = folder.assetcatalog; path = Assets.xcassets; sourceTree = "<group>"; };
		F8EFA5651F0D457900F7561B /* Base */ = {isa = PBXFileReference; lastKnownFileType = file.storyboard; name = Base; path = Base.lproj/LaunchScreen.storyboard; sourceTree = "<group>"; };
		F8EFA5671F0D457900F7561B /* Info.plist */ = {isa = PBXFileReference; lastKnownFileType = text.plist.xml; path = Info.plist; sourceTree = "<group>"; };
		F8EFA56D1F0D459E00F7561B /* SerieModel.h */ = {isa = PBXFileReference; fileEncoding = 4; lastKnownFileType = sourcecode.c.h; path = SerieModel.h; sourceTree = "<group>"; };
		F8EFA56E1F0D459E00F7561B /* SerieModel.m */ = {isa = PBXFileReference; fileEncoding = 4; lastKnownFileType = sourcecode.c.objc; path = SerieModel.m; sourceTree = "<group>"; };
		F8EFA57A1F0D56DC00F7561B /* SerieDetailViewController.h */ = {isa = PBXFileReference; fileEncoding = 4; lastKnownFileType = sourcecode.c.h; path = SerieDetailViewController.h; sourceTree = "<group>"; };
		F8EFA57B1F0D56DC00F7561B /* SerieDetailViewController.m */ = {isa = PBXFileReference; fileEncoding = 4; lastKnownFileType = sourcecode.c.objc; path = SerieDetailViewController.m; sourceTree = "<group>"; };
		F8EFA5811F0D651000F7561B /* WebViewController.h */ = {isa = PBXFileReference; fileEncoding = 4; lastKnownFileType = sourcecode.c.h; path = WebViewController.h; sourceTree = "<group>"; };
		F8EFA5821F0D651000F7561B /* WebViewController.m */ = {isa = PBXFileReference; fileEncoding = 4; lastKnownFileType = sourcecode.c.objc; path = WebViewController.m; sourceTree = "<group>"; };
/* End PBXFileReference section */

/* Begin PBXFrameworksBuildPhase section */
		F8EFA5501F0D457900F7561B /* Frameworks */ = {
			isa = PBXFrameworksBuildPhase;
			buildActionMask = 2147483647;
			files = (
				F42989F4E95BC417D55C096F /* libPods-UltimateSeries.a in Frameworks */,
			);
			runOnlyForDeploymentPostprocessing = 0;
		};
/* End PBXFrameworksBuildPhase section */

/* Begin PBXGroup section */
		CCCFA4F8FCBC57D893190B8D /* Frameworks */ = {
			isa = PBXGroup;
			children = (
				66E5361AE6149D824BD4ACD0 /* libPods-UltimateSeries.a */,
			);
			name = Frameworks;
			sourceTree = "<group>";
		};
		F0AEF74E78AA0A1A60A37501 /* Pods */ = {
			isa = PBXGroup;
			children = (
				C77B9DB927507E3E0F6CF5D5 /* Pods-UltimateSeries.debug.xcconfig */,
				F6821AC31D5A3ADD4E9592D6 /* Pods-UltimateSeries.release.xcconfig */,
			);
			name = Pods;
			sourceTree = "<group>";
		};
		F83432FB1F10FFA2007689C0 /* Connection */ = {
			isa = PBXGroup;
			children = (
			);
			name = Connection;
			sourceTree = "<group>";
		};
		F8343ADF1F0FE4D800A69B81 /* Views */ = {
			isa = PBXGroup;
			children = (
				F8343ADC1F0FE4D300A69B81 /* standarTableViewCell.h */,
				F8343ADD1F0FE4D300A69B81 /* standarTableViewCell.m */,
			);
			name = Views;
			sourceTree = "<group>";
		};
		F8817D281F12B5FB0041D9E2 /* Resources */ = {
			isa = PBXGroup;
			children = (
				F8817D241F12B5F70041D9E2 /* icon-Cancel.png */,
				F8817D251F12B5F70041D9E2 /* icon-Ok.png */,
			);
			name = Resources;
			sourceTree = "<group>";
		};
		F8EFA54A1F0D457900F7561B = {
			isa = PBXGroup;
			children = (
				F8EFA5551F0D457900F7561B /* UltimateSeries */,
				F8EFA5541F0D457900F7561B /* Products */,
				F0AEF74E78AA0A1A60A37501 /* Pods */,
				CCCFA4F8FCBC57D893190B8D /* Frameworks */,
			);
			sourceTree = "<group>";
		};
		F8EFA5541F0D457900F7561B /* Products */ = {
			isa = PBXGroup;
			children = (
				F8EFA5531F0D457900F7561B /* UltimateSeries.app */,
			);
			name = Products;
			sourceTree = "<group>";
		};
		F8EFA5551F0D457900F7561B /* UltimateSeries */ = {
			isa = PBXGroup;
			children = (
				F8EFA5591F0D457900F7561B /* AppDelegate.h */,
				F8EFA55A1F0D457900F7561B /* AppDelegate.m */,
				F8817D281F12B5FB0041D9E2 /* Resources */,
				F8EFA5701F0D464000F7561B /* Models */,
				F8343ADF1F0FE4D800A69B81 /* Views */,
				F8EFA5741F0D4FF700F7561B /* Controllers */,
				F8EFA55F1F0D457900F7561B /* Main.storyboard */,
				F8EFA5621F0D457900F7561B /* Assets.xcassets */,
				F8EFA5641F0D457900F7561B /* LaunchScreen.storyboard */,
				F8EFA5671F0D457900F7561B /* Info.plist */,
				F83432FB1F10FFA2007689C0 /* Connection */,
				F8EFA5561F0D457900F7561B /* Supporting Files */,
			);
			path = UltimateSeries;
			sourceTree = "<group>";
		};
		F8EFA5561F0D457900F7561B /* Supporting Files */ = {
			isa = PBXGroup;
			children = (
				F8EFA5571F0D457900F7561B /* main.m */,
			);
			name = "Supporting Files";
			sourceTree = "<group>";
		};
		F8EFA5701F0D464000F7561B /* Models */ = {
			isa = PBXGroup;
			children = (
				F8EFA56D1F0D459E00F7561B /* SerieModel.h */,
				F8EFA56E1F0D459E00F7561B /* SerieModel.m */,
			);
			name = Models;
			sourceTree = "<group>";
		};
		F8EFA5741F0D4FF700F7561B /* Controllers */ = {
			isa = PBXGroup;
			children = (
				F8343AD91F0FE39500A69B81 /* MasterTableViewController.h */,
				F8343ADA1F0FE39500A69B81 /* MasterTableViewController.m */,
				F8EFA57A1F0D56DC00F7561B /* SerieDetailViewController.h */,
				F8EFA57B1F0D56DC00F7561B /* SerieDetailViewController.m */,
				F8EFA5811F0D651000F7561B /* WebViewController.h */,
				F8EFA5821F0D651000F7561B /* WebViewController.m */,
			);
			name = Controllers;
			sourceTree = "<group>";
		};
/* End PBXGroup section */

/* Begin PBXNativeTarget section */
		F8EFA5521F0D457900F7561B /* UltimateSeries */ = {
			isa = PBXNativeTarget;
			buildConfigurationList = F8EFA56A1F0D457900F7561B /* Build configuration list for PBXNativeTarget "UltimateSeries" */;
			buildPhases = (
				2AEE9565C7E53D868DF260A8 /* [CP] Check Pods Manifest.lock */,
				F8EFA54F1F0D457900F7561B /* Sources */,
				F8EFA5501F0D457900F7561B /* Frameworks */,
				F8EFA5511F0D457900F7561B /* Resources */,
				60C5DD00839EBC3DFD31BEF0 /* [CP] Embed Pods Frameworks */,
				AD0C60E15F04108F4618AA47 /* [CP] Copy Pods Resources */,
			);
			buildRules = (
			);
			dependencies = (
			);
			name = UltimateSeries;
			productName = UltimateSeries;
			productReference = F8EFA5531F0D457900F7561B /* UltimateSeries.app */;
			productType = "com.apple.product-type.application";
		};
/* End PBXNativeTarget section */

/* Begin PBXProject section */
		F8EFA54B1F0D457900F7561B /* Project object */ = {
			isa = PBXProject;
			attributes = {
				LastUpgradeCheck = 0830;
				ORGANIZATIONNAME = "Fernando Vega Giganto";
				TargetAttributes = {
					F8EFA5521F0D457900F7561B = {
						CreatedOnToolsVersion = 8.3.3;
						DevelopmentTeam = 5MPC35WK7F;
						ProvisioningStyle = Automatic;
					};
				};
			};
			buildConfigurationList = F8EFA54E1F0D457900F7561B /* Build configuration list for PBXProject "UltimateSeries" */;
			compatibilityVersion = "Xcode 3.2";
			developmentRegion = English;
			hasScannedForEncodings = 0;
			knownRegions = (
				en,
				Base,
			);
			mainGroup = F8EFA54A1F0D457900F7561B;
			productRefGroup = F8EFA5541F0D457900F7561B /* Products */;
			projectDirPath = "";
			projectRoot = "";
			targets = (
				F8EFA5521F0D457900F7561B /* UltimateSeries */,
			);
		};
/* End PBXProject section */

/* Begin PBXResourcesBuildPhase section */
		F8EFA5511F0D457900F7561B /* Resources */ = {
			isa = PBXResourcesBuildPhase;
			buildActionMask = 2147483647;
			files = (
				F8817D271F12B5F70041D9E2 /* icon-Ok.png in Resources */,
				F8817D261F12B5F70041D9E2 /* icon-Cancel.png in Resources */,
				F8EFA5661F0D457900F7561B /* LaunchScreen.storyboard in Resources */,
				F8EFA5631F0D457900F7561B /* Assets.xcassets in Resources */,
				F8EFA5611F0D457900F7561B /* Main.storyboard in Resources */,
			);
			runOnlyForDeploymentPostprocessing = 0;
		};
/* End PBXResourcesBuildPhase section */

/* Begin PBXShellScriptBuildPhase section */
		2AEE9565C7E53D868DF260A8 /* [CP] Check Pods Manifest.lock */ = {
			isa = PBXShellScriptBuildPhase;
			buildActionMask = 2147483647;
			files = (
			);
			inputPaths = (
			);
			name = "[CP] Check Pods Manifest.lock";
			outputPaths = (
			);
			runOnlyForDeploymentPostprocessing = 0;
			shellPath = /bin/sh;
			shellScript = "diff \"${PODS_PODFILE_DIR_PATH}/Podfile.lock\" \"${PODS_ROOT}/Manifest.lock\" > /dev/null\nif [ $? != 0 ] ; then\n    # print error to STDERR\n    echo \"error: The sandbox is not in sync with the Podfile.lock. Run 'pod install' or update your CocoaPods installation.\" >&2\n    exit 1\nfi\n";
			showEnvVarsInLog = 0;
		};
		60C5DD00839EBC3DFD31BEF0 /* [CP] Embed Pods Frameworks */ = {
			isa = PBXShellScriptBuildPhase;
			buildActionMask = 2147483647;
			files = (
			);
			inputPaths = (
			);
			name = "[CP] Embed Pods Frameworks";
			outputPaths = (
			);
			runOnlyForDeploymentPostprocessing = 0;
			shellPath = /bin/sh;
			shellScript = "\"${SRCROOT}/Pods/Target Support Files/Pods-UltimateSeries/Pods-UltimateSeries-frameworks.sh\"\n";
			showEnvVarsInLog = 0;
		};
		AD0C60E15F04108F4618AA47 /* [CP] Copy Pods Resources */ = {
			isa = PBXShellScriptBuildPhase;
			buildActionMask = 2147483647;
			files = (
			);
			inputPaths = (
			);
			name = "[CP] Copy Pods Resources";
			outputPaths = (
			);
			runOnlyForDeploymentPostprocessing = 0;
			shellPath = /bin/sh;
			shellScript = "\"${SRCROOT}/Pods/Target Support Files/Pods-UltimateSeries/Pods-UltimateSeries-resources.sh\"\n";
			showEnvVarsInLog = 0;
		};
/* End PBXShellScriptBuildPhase section */

/* Begin PBXSourcesBuildPhase section */
		F8EFA54F1F0D457900F7561B /* Sources */ = {
			isa = PBXSourcesBuildPhase;
			buildActionMask = 2147483647;
			files = (
				F8EFA57D1F0D56DC00F7561B /* SerieDetailViewController.m in Sources */,
				F8EFA5841F0D651000F7561B /* WebViewController.m in Sources */,
				F8EFA56F1F0D459E00F7561B /* SerieModel.m in Sources */,
				F8EFA55B1F0D457900F7561B /* AppDelegate.m in Sources */,
				F8343ADE1F0FE4D300A69B81 /* standarTableViewCell.m in Sources */,
				F8EFA5581F0D457900F7561B /* main.m in Sources */,
				F8343ADB1F0FE39500A69B81 /* MasterTableViewController.m in Sources */,
			);
			runOnlyForDeploymentPostprocessing = 0;
		};
/* End PBXSourcesBuildPhase section */

/* Begin PBXVariantGroup section */
		F8EFA55F1F0D457900F7561B /* Main.storyboard */ = {
			isa = PBXVariantGroup;
			children = (
				F8EFA5601F0D457900F7561B /* Base */,
			);
			name = Main.storyboard;
			sourceTree = "<group>";
		};
		F8EFA5641F0D457900F7561B /* LaunchScreen.storyboard */ = {
			isa = PBXVariantGroup;
			children = (
				F8EFA5651F0D457900F7561B /* Base */,
			);
			name = LaunchScreen.storyboard;
			sourceTree = "<group>";
		};
/* End PBXVariantGroup section */

/* Begin XCBuildConfiguration section */
		F8EFA5681F0D457900F7561B /* Debug */ = {
			isa = XCBuildConfiguration;
			buildSettings = {
				ALWAYS_SEARCH_USER_PATHS = NO;
				CLANG_ANALYZER_NONNULL = YES;
				CLANG_ANALYZER_NUMBER_OBJECT_CONVERSION = YES_AGGRESSIVE;
				CLANG_CXX_LANGUAGE_STANDARD = "gnu++0x";
				CLANG_CXX_LIBRARY = "libc++";
				CLANG_ENABLE_MODULES = YES;
				CLANG_ENABLE_OBJC_ARC = YES;
				CLANG_WARN_BOOL_CONVERSION = YES;
				CLANG_WARN_CONSTANT_CONVERSION = YES;
				CLANG_WARN_DIRECT_OBJC_ISA_USAGE = YES_ERROR;
				CLANG_WARN_DOCUMENTATION_COMMENTS = YES;
				CLANG_WARN_EMPTY_BODY = YES;
				CLANG_WARN_ENUM_CONVERSION = YES;
				CLANG_WARN_INFINITE_RECURSION = YES;
				CLANG_WARN_INT_CONVERSION = YES;
				CLANG_WARN_OBJC_ROOT_CLASS = YES_ERROR;
				CLANG_WARN_SUSPICIOUS_MOVE = YES;
				CLANG_WARN_UNREACHABLE_CODE = YES;
				CLANG_WARN__DUPLICATE_METHOD_MATCH = YES;
				"CODE_SIGN_IDENTITY[sdk=iphoneos*]" = "iPhone Developer";
				COPY_PHASE_STRIP = NO;
				DEBUG_INFORMATION_FORMAT = dwarf;
				ENABLE_STRICT_OBJC_MSGSEND = YES;
				ENABLE_TESTABILITY = YES;
				GCC_C_LANGUAGE_STANDARD = gnu99;
				GCC_DYNAMIC_NO_PIC = NO;
				GCC_NO_COMMON_BLOCKS = YES;
				GCC_OPTIMIZATION_LEVEL = 0;
				GCC_PREPROCESSOR_DEFINITIONS = (
					"DEBUG=1",
					"$(inherited)",
				);
				GCC_WARN_64_TO_32_BIT_CONVERSION = YES;
				GCC_WARN_ABOUT_RETURN_TYPE = YES_ERROR;
				GCC_WARN_UNDECLARED_SELECTOR = YES;
				GCC_WARN_UNINITIALIZED_AUTOS = YES_AGGRESSIVE;
				GCC_WARN_UNUSED_FUNCTION = YES;
				GCC_WARN_UNUSED_VARIABLE = YES;
				IPHONEOS_DEPLOYMENT_TARGET = 10.3;
				MTL_ENABLE_DEBUG_INFO = YES;
				ONLY_ACTIVE_ARCH = YES;
				SDKROOT = iphoneos;
				TARGETED_DEVICE_FAMILY = "1,2";
			};
			name = Debug;
		};
		F8EFA5691F0D457900F7561B /* Release */ = {
			isa = XCBuildConfiguration;
			buildSettings = {
				ALWAYS_SEARCH_USER_PATHS = NO;
				CLANG_ANALYZER_NONNULL = YES;
				CLANG_ANALYZER_NUMBER_OBJECT_CONVERSION = YES_AGGRESSIVE;
				CLANG_CXX_LANGUAGE_STANDARD = "gnu++0x";
				CLANG_CXX_LIBRARY = "libc++";
				CLANG_ENABLE_MODULES = YES;
				CLANG_ENABLE_OBJC_ARC = YES;
				CLANG_WARN_BOOL_CONVERSION = YES;
				CLANG_WARN_CONSTANT_CONVERSION = YES;
				CLANG_WARN_DIRECT_OBJC_ISA_USAGE = YES_ERROR;
				CLANG_WARN_DOCUMENTATION_COMMENTS = YES;
				CLANG_WARN_EMPTY_BODY = YES;
				CLANG_WARN_ENUM_CONVERSION = YES;
				CLANG_WARN_INFINITE_RECURSION = YES;
				CLANG_WARN_INT_CONVERSION = YES;
				CLANG_WARN_OBJC_ROOT_CLASS = YES_ERROR;
				CLANG_WARN_SUSPICIOUS_MOVE = YES;
				CLANG_WARN_UNREACHABLE_CODE = YES;
				CLANG_WARN__DUPLICATE_METHOD_MATCH = YES;
				"CODE_SIGN_IDENTITY[sdk=iphoneos*]" = "iPhone Developer";
				COPY_PHASE_STRIP = NO;
				DEBUG_INFORMATION_FORMAT = "dwarf-with-dsym";
				ENABLE_NS_ASSERTIONS = NO;
				ENABLE_STRICT_OBJC_MSGSEND = YES;
				GCC_C_LANGUAGE_STANDARD = gnu99;
				GCC_NO_COMMON_BLOCKS = YES;
				GCC_WARN_64_TO_32_BIT_CONVERSION = YES;
				GCC_WARN_ABOUT_RETURN_TYPE = YES_ERROR;
				GCC_WARN_UNDECLARED_SELECTOR = YES;
				GCC_WARN_UNINITIALIZED_AUTOS = YES_AGGRESSIVE;
				GCC_WARN_UNUSED_FUNCTION = YES;
				GCC_WARN_UNUSED_VARIABLE = YES;
				IPHONEOS_DEPLOYMENT_TARGET = 10.3;
				MTL_ENABLE_DEBUG_INFO = NO;
				SDKROOT = iphoneos;
				TARGETED_DEVICE_FAMILY = "1,2";
				VALIDATE_PRODUCT = YES;
			};
			name = Release;
		};
		F8EFA56B1F0D457900F7561B /* Debug */ = {
			isa = XCBuildConfiguration;
			baseConfigurationReference = C77B9DB927507E3E0F6CF5D5 /* Pods-UltimateSeries.debug.xcconfig */;
			buildSettings = {
				ASSETCATALOG_COMPILER_APPICON_NAME = AppIcon;
				DEVELOPMENT_TEAM = 5MPC35WK7F;
				INFOPLIST_FILE = UltimateSeries/Info.plist;
				IPHONEOS_DEPLOYMENT_TARGET = 10.0;
				LD_RUNPATH_SEARCH_PATHS = "$(inherited) @executable_path/Frameworks";
				PRODUCT_BUNDLE_IDENTIFIER = com.blacksparrowgames.UltimateSeries;
				PRODUCT_NAME = "$(TARGET_NAME)";
			};
			name = Debug;
		};
		F8EFA56C1F0D457900F7561B /* Release */ = {
			isa = XCBuildConfiguration;
			baseConfigurationReference = F6821AC31D5A3ADD4E9592D6 /* Pods-UltimateSeries.release.xcconfig */;
			buildSettings = {
				ASSETCATALOG_COMPILER_APPICON_NAME = AppIcon;
				DEVELOPMENT_TEAM = 5MPC35WK7F;
				INFOPLIST_FILE = UltimateSeries/Info.plist;
				IPHONEOS_DEPLOYMENT_TARGET = 10.0;
				LD_RUNPATH_SEARCH_PATHS = "$(inherited) @executable_path/Frameworks";
				PRODUCT_BUNDLE_IDENTIFIER = com.blacksparrowgames.UltimateSeries;
				PRODUCT_NAME = "$(TARGET_NAME)";
			};
			name = Release;
		};
/* End XCBuildConfiguration section */

/* Begin XCConfigurationList section */
		F8EFA54E1F0D457900F7561B /* Build configuration list for PBXProject "UltimateSeries" */ = {
			isa = XCConfigurationList;
			buildConfigurations = (
				F8EFA5681F0D457900F7561B /* Debug */,
				F8EFA5691F0D457900F7561B /* Release */,
			);
			defaultConfigurationIsVisible = 0;
			defaultConfigurationName = Release;
		};
		F8EFA56A1F0D457900F7561B /* Build configuration list for PBXNativeTarget "UltimateSeries" */ = {
			isa = XCConfigurationList;
			buildConfigurations = (
				F8EFA56B1F0D457900F7561B /* Debug */,
				F8EFA56C1F0D457900F7561B /* Release */,
			);
			defaultConfigurationIsVisible = 0;
			defaultConfigurationName = Release;
		};
/* End XCConfigurationList section */
	};
	rootObject = F8EFA54B1F0D457900F7561B /* Project object */;
}
